PODS:
  - AFNetworking (3.2.0):
    - AFNetworking/NSURLSession (= 3.2.0)
    - AFNetworking/Reachability (= 3.2.0)
    - AFNetworking/Security (= 3.2.0)
    - AFNetworking/Serialization (= 3.2.0)
    - AFNetworking/UIKit (= 3.2.0)
  - AFNetworking/NSURLSession (3.2.0):
    - AFNetworking/Reachability
    - AFNetworking/Security
    - AFNetworking/Serialization
  - AFNetworking/Reachability (3.2.0)
  - AFNetworking/Security (3.2.0)
  - AFNetworking/Serialization (3.2.0)
  - AFNetworking/UIKit (3.2.0):
    - AFNetworking/NSURLSession
  - BEMCheckBox (1.4.1)
  - DGActivityIndicatorView (2.1.1)
  - JSONModel (1.7.0)
  - MaterialControls (1.2.2)
  - MBProgressHUD (1.0.0)
  - MTBBarcodeScanner (5.0.3)
  - REFrostedViewController (2.4.8)
  - Socket.IO-Client-Swift (13.1.2):
    - Starscream (~> 3.0.2)
  - Starscream (3.0.4)
  - ZXingObjC (3.2.2):
    - ZXingObjC/All (= 3.2.2)
  - ZXingObjC/All (3.2.2)

DEPENDENCIES:
  - AFNetworking (~> 3.0)
  - BEMCheckBox
  - DGActivityIndicatorView
  - JSONModel
  - MaterialControls (~> 1.2.2)
  - MBProgressHUD (~> 1.0.0)
  - MTBBarcodeScanner
  - REFrostedViewController (~> 2.4.8)
  - Socket.IO-Client-Swift (~> 13.1.0)
  - ZXingObjC (~> 3.2.2)

SPEC CHECKSUMS:
  AFNetworking: 8ac6017b94ea105479f7776e5288e48ae9c59bb4
  BEMCheckBox: 5ba6e37ade3d3657b36caecc35c8b75c6c2b1a4e
  DGActivityIndicatorView: ff2c76073d79692f724863c8dd38685866a03cb6
  JSONModel: 840bc0fcffb24b8454d2c026bf26fea454b8e98d
  MaterialControls: 1c6b29e78d3a13d8dd6a67ed31b6d26eb5de8f72
  MBProgressHUD: 4890f671c94e8a0f3cf959aa731e9de2f036d71a
  MTBBarcodeScanner: 3ce0f1b0085ef00c726ded663c490a63b29c9aa5
  REFrostedViewController: a893b4979ba1f200c547aef9ff4c3fd5a18f5923
  Socket.IO-Client-Swift: 010d2f464bdd1849b859c0cd0500d68194401ac8
  Starscream: f5da93fe6984c77b694366bf7299b7dc63a76f26
  ZXingObjC: 2c95a0dc52daac69b23ec78fad8fa2fec05f8981

PODFILE CHECKSUM: 1f3f766c01c5f4918965ec9d1f27b3c4ef7bfa53

COCOAPODS: 1.4.0
