PODS:
  - AFNetworking (3.1.0):
    - AFNetworking/NSURLSession (= 3.1.0)
    - AFNetworking/Reachability (= 3.1.0)
    - AFNetworking/Security (= 3.1.0)
    - AFNetworking/Serialization (= 3.1.0)
    - AFNetworking/UIKit (= 3.1.0)
  - AFNetworking/NSURLSession (3.1.0):
    - AFNetworking/Reachability
    - AFNetworking/Security
    - AFNetworking/Serialization
  - AFNetworking/Reachability (3.1.0)
  - AFNetworking/Security (3.1.0)
  - AFNetworking/Serialization (3.1.0)
  - AFNetworking/UIKit (3.1.0):
    - AFNetworking/NSURLSession
  - BEMCheckBox (1.4.1)
  - DGActivityIndicatorView (2.1.1)
  - JSONModel (1.7.0)
  - MaterialControls (1.2.2)
  - MBProgressHUD (1.0.0)
  - MTBBarcodeScanner (5.0.3)
  - ProjectOxfordFace (1.4.0)
  - REFrostedViewController (2.4.8)
  - Socket.IO-Client-Swift (13.1.0):
    - Starscream (~> 3.0.2)
  - Starscream (3.0.3)
  - ZXingObjC (3.2.2):
    - ZXingObjC/All (= 3.2.2)
  - ZXingObjC/All (3.2.2)

DEPENDENCIES:
  - AFNetworking (~> 3.0)
  - BEMCheckBox
  - DGActivityIndicatorView
  - JSONModel
  - MaterialControls (~> 1.2.2)
  - MBProgressHUD (~> 1.0.0)
  - MTBBarcodeScanner
  - ProjectOxfordFace
  - REFrostedViewController (~> 2.4.8)
  - Socket.IO-Client-Swift (~> 13.1.0)
  - ZXingObjC (~> 3.2.2)

SPEC REPOS:
  https://github.com/CocoaPods/Specs.git:
    - AFNetworking
    - BEMCheckBox
    - DGActivityIndicatorView
    - JSONModel
    - MaterialControls
    - MBProgressHUD
    - MTBBarcodeScanner
    - ProjectOxfordFace
    - REFrostedViewController
    - Socket.IO-Client-Swift
    - Starscream
    - ZXingObjC

SPEC CHECKSUMS:
  AFNetworking: 5e0e199f73d8626b11e79750991f5d173d1f8b67
  BEMCheckBox: 5ba6e37ade3d3657b36caecc35c8b75c6c2b1a4e
  DGActivityIndicatorView: ff2c76073d79692f724863c8dd38685866a03cb6
  JSONModel: 840bc0fcffb24b8454d2c026bf26fea454b8e98d
  MaterialControls: 1c6b29e78d3a13d8dd6a67ed31b6d26eb5de8f72
  MBProgressHUD: 4890f671c94e8a0f3cf959aa731e9de2f036d71a
  MTBBarcodeScanner: 3ce0f1b0085ef00c726ded663c490a63b29c9aa5
  ProjectOxfordFace: c18d8303cff1c378eaee49828f836014eecbc27c
  REFrostedViewController: a893b4979ba1f200c547aef9ff4c3fd5a18f5923
  Socket.IO-Client-Swift: b67a96d6a9e5f271bceb93e99779d2cf77c74868
  Starscream: dfb1b3f39506717ee52b67fb48de0c8269504cbc
  ZXingObjC: 2c95a0dc52daac69b23ec78fad8fa2fec05f8981

PODFILE CHECKSUM: 96f7b2bc74b7f8f5ff4ea35b42ee6416d178098c

COCOAPODS: 1.5.0
